
Microsoft Visual Studio Solution File, Format Version 12.00
# Visual Studio Version 17
VisualStudioVersion = 17.14.36518.9 d17.14
MinimumVisualStudioVersion = 10.0.40219.1
Project("{FAE04EC0-301F-11D3-BF4B-00C04F79EFBC}") = "myWorkProjectgin.csp", "myWorkProjectgin.csp\myWorkProjectgin.csp.csproj", "{45F1F009-F733-481E-BF5C-9FD1E5571C21}"
EndProject
Global
	GlobalSection(SolutionConfigurationPlatforms) = preSolution
		Debug|Any CPU = Debug|Any CPU
		Release|Any CPU = Release|Any CPU
	EndGlobalSection
	GlobalSection(ProjectConfigurationPlatforms) = postSolution
		{45F1F009-F733-481E-BF5C-9FD1E5571C21}.Debug|Any CPU.ActiveCfg = Debug|Any CPU
		{45F1F009-F733-481E-BF5C-9FD1E5571C21}.Debug|Any CPU.Build.0 = Debug|Any CPU
		{45F1F009-F733-481E-BF5C-9FD1E5571C21}.Release|Any CPU.ActiveCfg = Release|Any CPU
		{45F1F009-F733-481E-BF5C-9FD1E5571C21}.Release|Any CPU.Build.0 = Release|Any CPU
	EndGlobalSection
	GlobalSection(SolutionProperties) = preSolution
		HideSolutionNode = FALSE
	EndGlobalSection
	GlobalSection(ExtensibilityGlobals) = postSolution
		SolutionGuid = {6EDC08CC-9ECE-45BB-B4C7-5A5B21BAF979}
	EndGlobalSection
EndGlobal
